
Microsoft Visual Studio Solution File, Format Version 12.00
# Visual Studio Version 16
VisualStudioVersion = 16.0.30804.86
MinimumVisualStudioVersion = 15.0.26124.0
Project("{9A19103F-16F7-4668-BE54-9A1E7A4F7556}") = "diagnostics", "diagnostics-1\diagnostics.csproj", "{51787565-9A17-4806-A4CF-8E5BEB092B16}"
EndProject
Project("{9A19103F-16F7-4668-BE54-9A1E7A4F7556}") = "diagnostics-2", "diagnostics-2\diagnostics-2.csproj", "{04575A41-AF11-4FA9-AF22-B5F9C67F89C9}"
EndProject
Project("{FAE04EC0-301F-11D3-BF4B-00C04F79EFBC}") = "diagnostics-3", "diagnostics-3\diagnostics-3.csproj", "{01029B66-BD76-412B-8C76-5CB890521FA7}"
EndProject
Global
	GlobalSection(SolutionConfigurationPlatforms) = preSolution
		Debug|Any CPU = Debug|Any CPU
		Debug|x64 = Debug|x64
		Debug|x86 = Debug|x86
		Release|Any CPU = Release|Any CPU
		Release|x64 = Release|x64
		Release|x86 = Release|x86
	EndGlobalSection
	GlobalSection(ProjectConfigurationPlatforms) = postSolution
		{51787565-9A17-4806-A4CF-8E5BEB092B16}.Debug|Any CPU.ActiveCfg = Debug|Any CPU
		{51787565-9A17-4806-A4CF-8E5BEB092B16}.Debug|Any CPU.Build.0 = Debug|Any CPU
		{51787565-9A17-4806-A4CF-8E5BEB092B16}.Debug|x64.ActiveCfg = Debug|Any CPU
		{51787565-9A17-4806-A4CF-8E5BEB092B16}.Debug|x64.Build.0 = Debug|Any CPU
		{51787565-9A17-4806-A4CF-8E5BEB092B16}.Debug|x86.ActiveCfg = Debug|Any CPU
		{51787565-9A17-4806-A4CF-8E5BEB092B16}.Debug|x86.Build.0 = Debug|Any CPU
		{51787565-9A17-4806-A4CF-8E5BEB092B16}.Release|Any CPU.ActiveCfg = Release|Any CPU
		{51787565-9A17-4806-A4CF-8E5BEB092B16}.Release|Any CPU.Build.0 = Release|Any CPU
		{51787565-9A17-4806-A4CF-8E5BEB092B16}.Release|x64.ActiveCfg = Release|Any CPU
		{51787565-9A17-4806-A4CF-8E5BEB092B16}.Release|x64.Build.0 = Release|Any CPU
		{51787565-9A17-4806-A4CF-8E5BEB092B16}.Release|x86.ActiveCfg = Release|Any CPU
		{51787565-9A17-4806-A4CF-8E5BEB092B16}.Release|x86.Build.0 = Release|Any CPU
		{04575A41-AF11-4FA9-AF22-B5F9C67F89C9}.Debug|Any CPU.ActiveCfg = Debug|Any CPU
		{04575A41-AF11-4FA9-AF22-B5F9C67F89C9}.Debug|Any CPU.Build.0 = Debug|Any CPU
		{04575A41-AF11-4FA9-AF22-B5F9C67F89C9}.Debug|x64.ActiveCfg = Debug|Any CPU
		{04575A41-AF11-4FA9-AF22-B5F9C67F89C9}.Debug|x64.Build.0 = Debug|Any CPU
		{04575A41-AF11-4FA9-AF22-B5F9C67F89C9}.Debug|x86.ActiveCfg = Debug|Any CPU
		{04575A41-AF11-4FA9-AF22-B5F9C67F89C9}.Debug|x86.Build.0 = Debug|Any CPU
		{04575A41-AF11-4FA9-AF22-B5F9C67F89C9}.Release|Any CPU.ActiveCfg = Release|Any CPU
		{04575A41-AF11-4FA9-AF22-B5F9C67F89C9}.Release|Any CPU.Build.0 = Release|Any CPU
		{04575A41-AF11-4FA9-AF22-B5F9C67F89C9}.Release|x64.ActiveCfg = Release|Any CPU
		{04575A41-AF11-4FA9-AF22-B5F9C67F89C9}.Release|x64.Build.0 = Release|Any CPU
		{04575A41-AF11-4FA9-AF22-B5F9C67F89C9}.Release|x86.ActiveCfg = Release|Any CPU
		{04575A41-AF11-4FA9-AF22-B5F9C67F89C9}.Release|x86.Build.0 = Release|Any CPU
		{01029B66-BD76-412B-8C76-5CB890521FA7}.Debug|Any CPU.ActiveCfg = Debug|Any CPU
		{01029B66-BD76-412B-8C76-5CB890521FA7}.Debug|Any CPU.Build.0 = Debug|Any CPU
		{01029B66-BD76-412B-8C76-5CB890521FA7}.Debug|x64.ActiveCfg = Debug|Any CPU
		{01029B66-BD76-412B-8C76-5CB890521FA7}.Debug|x64.Build.0 = Debug|Any CPU
		{01029B66-BD76-412B-8C76-5CB890521FA7}.Debug|x86.ActiveCfg = Debug|Any CPU
		{01029B66-BD76-412B-8C76-5CB890521FA7}.Debug|x86.Build.0 = Debug|Any CPU
		{01029B66-BD76-412B-8C76-5CB890521FA7}.Release|Any CPU.ActiveCfg = Release|Any CPU
		{01029B66-BD76-412B-8C76-5CB890521FA7}.Release|Any CPU.Build.0 = Release|Any CPU
		{01029B66-BD76-412B-8C76-5CB890521FA7}.Release|x64.ActiveCfg = Release|Any CPU
		{01029B66-BD76-412B-8C76-5CB890521FA7}.Release|x64.Build.0 = Release|Any CPU
		{01029B66-BD76-412B-8C76-5CB890521FA7}.Release|x86.ActiveCfg = Release|Any CPU
		{01029B66-BD76-412B-8C76-5CB890521FA7}.Release|x86.Build.0 = Release|Any CPU
	EndGlobalSection
	GlobalSection(SolutionProperties) = preSolution
		HideSolutionNode = FALSE
	EndGlobalSection
	GlobalSection(ExtensibilityGlobals) = postSolution
		SolutionGuid = {EDE4717F-EF9F-4947-B601-ED8D03CEBFAD}
	EndGlobalSection
EndGlobal
