
Microsoft Visual Studio Solution File, Format Version 12.00
# Visual Studio Version 16
VisualStudioVersion = 16.0.30804.86
MinimumVisualStudioVersion = 15.0.26124.0
Project("{00D1A9C2-B5F0-4AF3-8072-F6C62B433612}") = "CustomDiagnostics", "CustomDiagnostics\CustomDiagnostics.sqlproj", "{E2286D2A-DADF-4707-BC9E-63703C027777}"
EndProject
Global
	GlobalSection(SolutionConfigurationPlatforms) = preSolution
		Debug|Any CPU = Debug|Any CPU
		Debug|x64 = Debug|x64
		Debug|x86 = Debug|x86
		Release|Any CPU = Release|Any CPU
		Release|x64 = Release|x64
		Release|x86 = Release|x86
	EndGlobalSection
	GlobalSection(ProjectConfigurationPlatforms) = postSolution
		{E2286D2A-DADF-4707-BC9E-63703C027777}.Debug|Any CPU.ActiveCfg = Debug|Any CPU
		{E2286D2A-DADF-4707-BC9E-63703C027777}.Debug|Any CPU.Build.0 = Debug|Any CPU
		{E2286D2A-DADF-4707-BC9E-63703C027777}.Debug|Any CPU.Deploy.0 = Debug|Any CPU
		{E2286D2A-DADF-4707-BC9E-63703C027777}.Debug|x64.ActiveCfg = Debug|Any CPU
		{E2286D2A-DADF-4707-BC9E-63703C027777}.Debug|x64.Build.0 = Debug|Any CPU
		{E2286D2A-DADF-4707-BC9E-63703C027777}.Debug|x64.Deploy.0 = Debug|Any CPU
		{E2286D2A-DADF-4707-BC9E-63703C027777}.Debug|x86.ActiveCfg = Debug|Any CPU
		{E2286D2A-DADF-4707-BC9E-63703C027777}.Debug|x86.Build.0 = Debug|Any CPU
		{E2286D2A-DADF-4707-BC9E-63703C027777}.Debug|x86.Deploy.0 = Debug|Any CPU
		{E2286D2A-DADF-4707-BC9E-63703C027777}.Release|Any CPU.ActiveCfg = Release|Any CPU
		{E2286D2A-DADF-4707-BC9E-63703C027777}.Release|Any CPU.Build.0 = Release|Any CPU
		{E2286D2A-DADF-4707-BC9E-63703C027777}.Release|Any CPU.Deploy.0 = Release|Any CPU
		{E2286D2A-DADF-4707-BC9E-63703C027777}.Release|x64.ActiveCfg = Release|Any CPU
		{E2286D2A-DADF-4707-BC9E-63703C027777}.Release|x64.Build.0 = Release|Any CPU
		{E2286D2A-DADF-4707-BC9E-63703C027777}.Release|x64.Deploy.0 = Release|Any CPU
		{E2286D2A-DADF-4707-BC9E-63703C027777}.Release|x86.ActiveCfg = Release|Any CPU
		{E2286D2A-DADF-4707-BC9E-63703C027777}.Release|x86.Build.0 = Release|Any CPU
		{E2286D2A-DADF-4707-BC9E-63703C027777}.Release|x86.Deploy.0 = Release|Any CPU
	EndGlobalSection
	GlobalSection(SolutionProperties) = preSolution
		HideSolutionNode = FALSE
	EndGlobalSection
	GlobalSection(ExtensibilityGlobals) = postSolution
		SolutionGuid = {E64CBEDA-2FBF-4564-9BDF-FF5213272C1D}
	EndGlobalSection
EndGlobal
